// !$*UTF8*$!
{
	archiveVersion = 1;
	classes = {
	};
	objectVersion = 50;
	objects = {

/* Begin PBXBuildFile section */
		A67868AD26D4EA5F0015DCCB /* AppDelegate.swift in Sources */ = {isa = PBXBuildFile; fileRef = A67868AC26D4EA5F0015DCCB /* AppDelegate.swift */; };
		A67868AF26D4EA5F0015DCCB /* SceneDelegate.swift in Sources */ = {isa = PBXBuildFile; fileRef = A67868AE26D4EA5F0015DCCB /* SceneDelegate.swift */; };
		A67868B126D4EA5F0015DCCB /* WeatherViewController.swift in Sources */ = {isa = PBXBuildFile; fileRef = A67868B026D4EA5F0015DCCB /* WeatherViewController.swift */; };
		A67868B426D4EA5F0015DCCB /* Main.storyboard in Resources */ = {isa = PBXBuildFile; fileRef = A67868B226D4EA5F0015DCCB /* Main.storyboard */; };
		A67868B626D4EA600015DCCB /* Assets.xcassets in Resources */ = {isa = PBXBuildFile; fileRef = A67868B526D4EA600015DCCB /* Assets.xcassets */; };
		A67868B926D4EA600015DCCB /* LaunchScreen.storyboard in Resources */ = {isa = PBXBuildFile; fileRef = A67868B726D4EA600015DCCB /* LaunchScreen.storyboard */; };
		A67868C626D4ED050015DCCB /* WeatherService.swift in Sources */ = {isa = PBXBuildFile; fileRef = A67868C526D4ED050015DCCB /* WeatherService.swift */; };
		A67868C826D4EE2F0015DCCB /* WeatherData.swift in Sources */ = {isa = PBXBuildFile; fileRef = A67868C726D4EE2F0015DCCB /* WeatherData.swift */; };
		A67868CA26D52B4E0015DCCB /* LocationTableViewController.swift in Sources */ = {isa = PBXBuildFile; fileRef = A67868C926D52B4E0015DCCB /* LocationTableViewController.swift */; };
/* End PBXBuildFile section */

/* Begin PBXFileReference section */
		A67868A926D4EA5F0015DCCB /* WeatherApp.app */ = {isa = PBXFileReference; explicitFileType = wrapper.application; includeInIndex = 0; path = WeatherApp.app; sourceTree = BUILT_PRODUCTS_DIR; };
		A67868AC26D4EA5F0015DCCB /* AppDelegate.swift */ = {isa = PBXFileReference; lastKnownFileType = sourcecode.swift; path = AppDelegate.swift; sourceTree = "<group>"; };
		A67868AE26D4EA5F0015DCCB /* SceneDelegate.swift */ = {isa = PBXFileReference; lastKnownFileType = sourcecode.swift; path = SceneDelegate.swift; sourceTree = "<group>"; };
		A67868B026D4EA5F0015DCCB /* WeatherViewController.swift */ = {isa = PBXFileReference; lastKnownFileType = sourcecode.swift; path = WeatherViewController.swift; sourceTree = "<group>"; };
		A67868B326D4EA5F0015DCCB /* Base */ = {isa = PBXFileReference; lastKnownFileType = file.storyboard; name = Base; path = Base.lproj/Main.storyboard; sourceTree = "<group>"; };
		A67868B526D4EA600015DCCB /* Assets.xcassets */ = {isa = PBXFileReference; lastKnownFileType = folder.assetcatalog; path = Assets.xcassets; sourceTree = "<group>"; };
		A67868B826D4EA600015DCCB /* Base */ = {isa = PBXFileReference; lastKnownFileType = file.storyboard; name = Base; path = Base.lproj/LaunchScreen.storyboard; sourceTree = "<group>"; };
		A67868BA26D4EA600015DCCB /* Info.plist */ = {isa = PBXFileReference; lastKnownFileType = text.plist.xml; path = Info.plist; sourceTree = "<group>"; };
		A67868C526D4ED050015DCCB /* WeatherService.swift */ = {isa = PBXFileReference; lastKnownFileType = sourcecode.swift; path = WeatherService.swift; sourceTree = "<group>"; };
		A67868C726D4EE2F0015DCCB /* WeatherData.swift */ = {isa = PBXFileReference; lastKnownFileType = sourcecode.swift; path = WeatherData.swift; sourceTree = "<group>"; };
		A67868C926D52B4E0015DCCB /* LocationTableViewController.swift */ = {isa = PBXFileReference; lastKnownFileType = sourcecode.swift; path = LocationTableViewController.swift; sourceTree = "<group>"; };
/* End PBXFileReference section */

/* Begin PBXFrameworksBuildPhase section */
		A67868A626D4EA5F0015DCCB /* Frameworks */ = {
			isa = PBXFrameworksBuildPhase;
			buildActionMask = 2147483647;
			files = (
			);
			runOnlyForDeploymentPostprocessing = 0;
		};
/* End PBXFrameworksBuildPhase section */

/* Begin PBXGroup section */
		A67868A026D4EA5F0015DCCB = {
			isa = PBXGroup;
			children = (
				A67868AB26D4EA5F0015DCCB /* WeatherApp */,
				A67868AA26D4EA5F0015DCCB /* Products */,
			);
			sourceTree = "<group>";
		};
		A67868AA26D4EA5F0015DCCB /* Products */ = {
			isa = PBXGroup;
			children = (
				A67868A926D4EA5F0015DCCB /* WeatherApp.app */,
			);
			name = Products;
			sourceTree = "<group>";
		};
		A67868AB26D4EA5F0015DCCB /* WeatherApp */ = {
			isa = PBXGroup;
			children = (
				A67868C426D4EAA80015DCCB /* WeatherModel */,
				A67868C326D4EA910015DCCB /* Networking */,
				A67868C226D4EA840015DCCB /* Controllers */,
				A67868C126D4EA7E0015DCCB /* Views */,
				A67868C026D4EA740015DCCB /* Supporting Files */,
				A67868BA26D4EA600015DCCB /* Info.plist */,
			);
			path = WeatherApp;
			sourceTree = "<group>";
		};
		A67868C026D4EA740015DCCB /* Supporting Files */ = {
			isa = PBXGroup;
			children = (
				A67868AC26D4EA5F0015DCCB /* AppDelegate.swift */,
				A67868AE26D4EA5F0015DCCB /* SceneDelegate.swift */,
				A67868B526D4EA600015DCCB /* Assets.xcassets */,
			);
			path = "Supporting Files";
			sourceTree = "<group>";
		};
		A67868C126D4EA7E0015DCCB /* Views */ = {
			isa = PBXGroup;
			children = (
				A67868B226D4EA5F0015DCCB /* Main.storyboard */,
				A67868B726D4EA600015DCCB /* LaunchScreen.storyboard */,
			);
			path = Views;
			sourceTree = "<group>";
		};
		A67868C226D4EA840015DCCB /* Controllers */ = {
			isa = PBXGroup;
			children = (
				A67868B026D4EA5F0015DCCB /* WeatherViewController.swift */,
				A67868C926D52B4E0015DCCB /* LocationTableViewController.swift */,
			);
			path = Controllers;
			sourceTree = "<group>";
		};
		A67868C326D4EA910015DCCB /* Networking */ = {
			isa = PBXGroup;
			children = (
				A67868C526D4ED050015DCCB /* WeatherService.swift */,
			);
			path = Networking;
			sourceTree = "<group>";
		};
		A67868C426D4EAA80015DCCB /* WeatherModel */ = {
			isa = PBXGroup;
			children = (
				A67868C726D4EE2F0015DCCB /* WeatherData.swift */,
			);
			path = WeatherModel;
			sourceTree = "<group>";
		};
/* End PBXGroup section */

/* Begin PBXNativeTarget section */
		A67868A826D4EA5F0015DCCB /* WeatherApp */ = {
			isa = PBXNativeTarget;
			buildConfigurationList = A67868BD26D4EA600015DCCB /* Build configuration list for PBXNativeTarget "WeatherApp" */;
			buildPhases = (
				A67868A526D4EA5F0015DCCB /* Sources */,
				A67868A626D4EA5F0015DCCB /* Frameworks */,
				A67868A726D4EA5F0015DCCB /* Resources */,
			);
			buildRules = (
			);
			dependencies = (
			);
			name = WeatherApp;
			productName = WeatherApp;
			productReference = A67868A926D4EA5F0015DCCB /* WeatherApp.app */;
			productType = "com.apple.product-type.application";
		};
/* End PBXNativeTarget section */

/* Begin PBXProject section */
		A67868A126D4EA5F0015DCCB /* Project object */ = {
			isa = PBXProject;
			attributes = {
				LastSwiftUpdateCheck = 1250;
				LastUpgradeCheck = 1250;
				TargetAttributes = {
					A67868A826D4EA5F0015DCCB = {
						CreatedOnToolsVersion = 12.5.1;
					};
				};
			};
			buildConfigurationList = A67868A426D4EA5F0015DCCB /* Build configuration list for PBXProject "WeatherApp" */;
			compatibilityVersion = "Xcode 9.3";
			developmentRegion = en;
			hasScannedForEncodings = 0;
			knownRegions = (
				en,
				Base,
			);
			mainGroup = A67868A026D4EA5F0015DCCB;
			productRefGroup = A67868AA26D4EA5F0015DCCB /* Products */;
			projectDirPath = "";
			projectRoot = "";
			targets = (
				A67868A826D4EA5F0015DCCB /* WeatherApp */,
			);
		};
/* End PBXProject section */

/* Begin PBXResourcesBuildPhase section */
		A67868A726D4EA5F0015DCCB /* Resources */ = {
			isa = PBXResourcesBuildPhase;
			buildActionMask = 2147483647;
			files = (
				A67868B926D4EA600015DCCB /* LaunchScreen.storyboard in Resources */,
				A67868B626D4EA600015DCCB /* Assets.xcassets in Resources */,
				A67868B426D4EA5F0015DCCB /* Main.storyboard in Resources */,
			);
			runOnlyForDeploymentPostprocessing = 0;
		};
/* End PBXResourcesBuildPhase section */

/* Begin PBXSourcesBuildPhase section */
		A67868A526D4EA5F0015DCCB /* Sources */ = {
			isa = PBXSourcesBuildPhase;
			buildActionMask = 2147483647;
			files = (
				A67868C626D4ED050015DCCB /* WeatherService.swift in Sources */,
				A67868C826D4EE2F0015DCCB /* WeatherData.swift in Sources */,
				A67868CA26D52B4E0015DCCB /* LocationTableViewController.swift in Sources */,
				A67868B126D4EA5F0015DCCB /* WeatherViewController.swift in Sources */,
				A67868AD26D4EA5F0015DCCB /* AppDelegate.swift in Sources */,
				A67868AF26D4EA5F0015DCCB /* SceneDelegate.swift in Sources */,
			);
			runOnlyForDeploymentPostprocessing = 0;
		};
/* End PBXSourcesBuildPhase section */

/* Begin PBXVariantGroup section */
		A67868B226D4EA5F0015DCCB /* Main.storyboard */ = {
			isa = PBXVariantGroup;
			children = (
				A67868B326D4EA5F0015DCCB /* Base */,
			);
			name = Main.storyboard;
			sourceTree = "<group>";
		};
		A67868B726D4EA600015DCCB /* LaunchScreen.storyboard */ = {
			isa = PBXVariantGroup;
			children = (
				A67868B826D4EA600015DCCB /* Base */,
			);
			name = LaunchScreen.storyboard;
			sourceTree = "<group>";
		};
/* End PBXVariantGroup section */

/* Begin XCBuildConfiguration section */
		A67868BB26D4EA600015DCCB /* Debug */ = {
			isa = XCBuildConfiguration;
			buildSettings = {
				ALWAYS_SEARCH_USER_PATHS = NO;
				CLANG_ANALYZER_NONNULL = YES;
				CLANG_ANALYZER_NUMBER_OBJECT_CONVERSION = YES_AGGRESSIVE;
				CLANG_CXX_LANGUAGE_STANDARD = "gnu++14";
				CLANG_CXX_LIBRARY = "libc++";
				CLANG_ENABLE_MODULES = YES;
				CLANG_ENABLE_OBJC_ARC = YES;
				CLANG_ENABLE_OBJC_WEAK = YES;
				CLANG_WARN_BLOCK_CAPTURE_AUTORELEASING = YES;
				CLANG_WARN_BOOL_CONVERSION = YES;
				CLANG_WARN_COMMA = YES;
				CLANG_WARN_CONSTANT_CONVERSION = YES;
				CLANG_WARN_DEPRECATED_OBJC_IMPLEMENTATIONS = YES;
				CLANG_WARN_DIRECT_OBJC_ISA_USAGE = YES_ERROR;
				CLANG_WARN_DOCUMENTATION_COMMENTS = YES;
				CLANG_WARN_EMPTY_BODY = YES;
				CLANG_WARN_ENUM_CONVERSION = YES;
				CLANG_WARN_INFINITE_RECURSION = YES;
				CLANG_WARN_INT_CONVERSION = YES;
				CLANG_WARN_NON_LITERAL_NULL_CONVERSION = YES;
				CLANG_WARN_OBJC_IMPLICIT_RETAIN_SELF = YES;
				CLANG_WARN_OBJC_LITERAL_CONVERSION = YES;
				CLANG_WARN_OBJC_ROOT_CLASS = YES_ERROR;
				CLANG_WARN_QUOTED_INCLUDE_IN_FRAMEWORK_HEADER = YES;
				CLANG_WARN_RANGE_LOOP_ANALYSIS = YES;
				CLANG_WARN_STRICT_PROTOTYPES = YES;
				CLANG_WARN_SUSPICIOUS_MOVE = YES;
				CLANG_WARN_UNGUARDED_AVAILABILITY = YES_AGGRESSIVE;
				CLANG_WARN_UNREACHABLE_CODE = YES;
				CLANG_WARN__DUPLICATE_METHOD_MATCH = YES;
				COPY_PHASE_STRIP = NO;
				DEBUG_INFORMATION_FORMAT = dwarf;
				ENABLE_STRICT_OBJC_MSGSEND = YES;
				ENABLE_TESTABILITY = YES;
				GCC_C_LANGUAGE_STANDARD = gnu11;
				GCC_DYNAMIC_NO_PIC = NO;
				GCC_NO_COMMON_BLOCKS = YES;
				GCC_OPTIMIZATION_LEVEL = 0;
				GCC_PREPROCESSOR_DEFINITIONS = (
					"DEBUG=1",
					"$(inherited)",
				);
				GCC_WARN_64_TO_32_BIT_CONVERSION = YES;
				GCC_WARN_ABOUT_RETURN_TYPE = YES_ERROR;
				GCC_WARN_UNDECLARED_SELECTOR = YES;
				GCC_WARN_UNINITIALIZED_AUTOS = YES_AGGRESSIVE;
				GCC_WARN_UNUSED_FUNCTION = YES;
				GCC_WARN_UNUSED_VARIABLE = YES;
				IPHONEOS_DEPLOYMENT_TARGET = 14.5;
				MTL_ENABLE_DEBUG_INFO = INCLUDE_SOURCE;
				MTL_FAST_MATH = YES;
				ONLY_ACTIVE_ARCH = YES;
				SDKROOT = iphoneos;
				SWIFT_ACTIVE_COMPILATION_CONDITIONS = DEBUG;
				SWIFT_OPTIMIZATION_LEVEL = "-Onone";
			};
			name = Debug;
		};
		A67868BC26D4EA600015DCCB /* Release */ = {
			isa = XCBuildConfiguration;
			buildSettings = {
				ALWAYS_SEARCH_USER_PATHS = NO;
				CLANG_ANALYZER_NONNULL = YES;
				CLANG_ANALYZER_NUMBER_OBJECT_CONVERSION = YES_AGGRESSIVE;
				CLANG_CXX_LANGUAGE_STANDARD = "gnu++14";
				CLANG_CXX_LIBRARY = "libc++";
				CLANG_ENABLE_MODULES = YES;
				CLANG_ENABLE_OBJC_ARC = YES;
				CLANG_ENABLE_OBJC_WEAK = YES;
				CLANG_WARN_BLOCK_CAPTURE_AUTORELEASING = YES;
				CLANG_WARN_BOOL_CONVERSION = YES;
				CLANG_WARN_COMMA = YES;
				CLANG_WARN_CONSTANT_CONVERSION = YES;
				CLANG_WARN_DEPRECATED_OBJC_IMPLEMENTATIONS = YES;
				CLANG_WARN_DIRECT_OBJC_ISA_USAGE = YES_ERROR;
				CLANG_WARN_DOCUMENTATION_COMMENTS = YES;
				CLANG_WARN_EMPTY_BODY = YES;
				CLANG_WARN_ENUM_CONVERSION = YES;
				CLANG_WARN_INFINITE_RECURSION = YES;
				CLANG_WARN_INT_CONVERSION = YES;
				CLANG_WARN_NON_LITERAL_NULL_CONVERSION = YES;
				CLANG_WARN_OBJC_IMPLICIT_RETAIN_SELF = YES;
				CLANG_WARN_OBJC_LITERAL_CONVERSION = YES;
				CLANG_WARN_OBJC_ROOT_CLASS = YES_ERROR;
				CLANG_WARN_QUOTED_INCLUDE_IN_FRAMEWORK_HEADER = YES;
				CLANG_WARN_RANGE_LOOP_ANALYSIS = YES;
				CLANG_WARN_STRICT_PROTOTYPES = YES;
				CLANG_WARN_SUSPICIOUS_MOVE = YES;
				CLANG_WARN_UNGUARDED_AVAILABILITY = YES_AGGRESSIVE;
				CLANG_WARN_UNREACHABLE_CODE = YES;
				CLANG_WARN__DUPLICATE_METHOD_MATCH = YES;
				COPY_PHASE_STRIP = NO;
				DEBUG_INFORMATION_FORMAT = "dwarf-with-dsym";
				ENABLE_NS_ASSERTIONS = NO;
				ENABLE_STRICT_OBJC_MSGSEND = YES;
				GCC_C_LANGUAGE_STANDARD = gnu11;
				GCC_NO_COMMON_BLOCKS = YES;
				GCC_WARN_64_TO_32_BIT_CONVERSION = YES;
				GCC_WARN_ABOUT_RETURN_TYPE = YES_ERROR;
				GCC_WARN_UNDECLARED_SELECTOR = YES;
				GCC_WARN_UNINITIALIZED_AUTOS = YES_AGGRESSIVE;
				GCC_WARN_UNUSED_FUNCTION = YES;
				GCC_WARN_UNUSED_VARIABLE = YES;
				IPHONEOS_DEPLOYMENT_TARGET = 14.5;
				MTL_ENABLE_DEBUG_INFO = NO;
				MTL_FAST_MATH = YES;
				SDKROOT = iphoneos;
				SWIFT_COMPILATION_MODE = wholemodule;
				SWIFT_OPTIMIZATION_LEVEL = "-O";
				VALIDATE_PRODUCT = YES;
			};
			name = Release;
		};
		A67868BE26D4EA600015DCCB /* Debug */ = {
			isa = XCBuildConfiguration;
			buildSettings = {
				ASSETCATALOG_COMPILER_APPICON_NAME = AppIcon;
				ASSETCATALOG_COMPILER_GLOBAL_ACCENT_COLOR_NAME = AccentColor;
				CODE_SIGN_STYLE = Automatic;
				DEVELOPMENT_TEAM = ZJD5A2P8BC;
				INFOPLIST_FILE = WeatherApp/Info.plist;
				LD_RUNPATH_SEARCH_PATHS = (
					"$(inherited)",
					"@executable_path/Frameworks",
				);
				PRODUCT_BUNDLE_IDENTIFIER = com.adnannmuratovic.WeatherApp;
				PRODUCT_NAME = "$(TARGET_NAME)";
				SWIFT_VERSION = 5.0;
				TARGETED_DEVICE_FAMILY = "1,2";
			};
			name = Debug;
		};
		A67868BF26D4EA600015DCCB /* Release */ = {
			isa = XCBuildConfiguration;
			buildSettings = {
				ASSETCATALOG_COMPILER_APPICON_NAME = AppIcon;
				ASSETCATALOG_COMPILER_GLOBAL_ACCENT_COLOR_NAME = AccentColor;
				CODE_SIGN_STYLE = Automatic;
				DEVELOPMENT_TEAM = ZJD5A2P8BC;
				INFOPLIST_FILE = WeatherApp/Info.plist;
				LD_RUNPATH_SEARCH_PATHS = (
					"$(inherited)",
					"@executable_path/Frameworks",
				);
				PRODUCT_BUNDLE_IDENTIFIER = com.adnannmuratovic.WeatherApp;
				PRODUCT_NAME = "$(TARGET_NAME)";
				SWIFT_VERSION = 5.0;
				TARGETED_DEVICE_FAMILY = "1,2";
			};
			name = Release;
		};
/* End XCBuildConfiguration section */

/* Begin XCConfigurationList section */
		A67868A426D4EA5F0015DCCB /* Build configuration list for PBXProject "WeatherApp" */ = {
			isa = XCConfigurationList;
			buildConfigurations = (
				A67868BB26D4EA600015DCCB /* Debug */,
				A67868BC26D4EA600015DCCB /* Release */,
			);
			defaultConfigurationIsVisible = 0;
			defaultConfigurationName = Release;
		};
		A67868BD26D4EA600015DCCB /* Build configuration list for PBXNativeTarget "WeatherApp" */ = {
			isa = XCConfigurationList;
			buildConfigurations = (
				A67868BE26D4EA600015DCCB /* Debug */,
				A67868BF26D4EA600015DCCB /* Release */,
			);
			defaultConfigurationIsVisible = 0;
			defaultConfigurationName = Release;
		};
/* End XCConfigurationList section */
	};
	rootObject = A67868A126D4EA5F0015DCCB /* Project object */;
}
